// !$*UTF8*$!
{
	archiveVersion = 1;
	classes = {
	};
	objectVersion = 46;
	objects = {

/* Begin PBXBuildFile section */
		381F4FFD1CD83694006E4DCB /* main.m in Sources */ = {isa = PBXBuildFile; fileRef = 381F4FFC1CD83694006E4DCB /* main.m */; };
		381F50001CD83694006E4DCB /* AppDelegate.m in Sources */ = {isa = PBXBuildFile; fileRef = 381F4FFF1CD83694006E4DCB /* AppDelegate.m */; };
		381F50031CD83694006E4DCB /* ViewController.m in Sources */ = {isa = PBXBuildFile; fileRef = 381F50021CD83694006E4DCB /* ViewController.m */; };
		381F50061CD83694006E4DCB /* Main.storyboard in Resources */ = {isa = PBXBuildFile; fileRef = 381F50041CD83694006E4DCB /* Main.storyboard */; };
		381F50081CD83694006E4DCB /* Assets.xcassets in Resources */ = {isa = PBXBuildFile; fileRef = 381F50071CD83694006E4DCB /* Assets.xcassets */; };
		381F500B1CD83694006E4DCB /* LaunchScreen.storyboard in Resources */ = {isa = PBXBuildFile; fileRef = 381F50091CD83694006E4DCB /* LaunchScreen.storyboard */; };
		381F50161CD83694006E4DCB /* JKInteractivePushNotificationsTests.m in Sources */ = {isa = PBXBuildFile; fileRef = 381F50151CD83694006E4DCB /* JKInteractivePushNotificationsTests.m */; };
/* End PBXBuildFile section */

/* Begin PBXContainerItemProxy section */
		381F50121CD83694006E4DCB /* PBXContainerItemProxy */ = {
			isa = PBXContainerItemProxy;
			containerPortal = 381F4FF01CD83694006E4DCB /* Project object */;
			proxyType = 1;
			remoteGlobalIDString = 381F4FF71CD83694006E4DCB;
			remoteInfo = JKInteractivePushNotifications;
		};
/* End PBXContainerItemProxy section */

/* Begin PBXFileReference section */
		381F4FF81CD83694006E4DCB /* JKInteractivePushNotifications.app */ = {isa = PBXFileReference; explicitFileType = wrapper.application; includeInIndex = 0; path = JKInteractivePushNotifications.app; sourceTree = BUILT_PRODUCTS_DIR; };
		381F4FFC1CD83694006E4DCB /* main.m */ = {isa = PBXFileReference; lastKnownFileType = sourcecode.c.objc; path = main.m; sourceTree = "<group>"; };
		381F4FFE1CD83694006E4DCB /* AppDelegate.h */ = {isa = PBXFileReference; lastKnownFileType = sourcecode.c.h; path = AppDelegate.h; sourceTree = "<group>"; };
		381F4FFF1CD83694006E4DCB /* AppDelegate.m */ = {isa = PBXFileReference; lastKnownFileType = sourcecode.c.objc; path = AppDelegate.m; sourceTree = "<group>"; };
		381F50011CD83694006E4DCB /* ViewController.h */ = {isa = PBXFileReference; lastKnownFileType = sourcecode.c.h; path = ViewController.h; sourceTree = "<group>"; };
		381F50021CD83694006E4DCB /* ViewController.m */ = {isa = PBXFileReference; lastKnownFileType = sourcecode.c.objc; path = ViewController.m; sourceTree = "<group>"; };
		381F50051CD83694006E4DCB /* Base */ = {isa = PBXFileReference; lastKnownFileType = file.storyboard; name = Base; path = Base.lproj/Main.storyboard; sourceTree = "<group>"; };
		381F50071CD83694006E4DCB /* Assets.xcassets */ = {isa = PBXFileReference; lastKnownFileType = folder.assetcatalog; path = Assets.xcassets; sourceTree = "<group>"; };
		381F500A1CD83694006E4DCB /* Base */ = {isa = PBXFileReference; lastKnownFileType = file.storyboard; name = Base; path = Base.lproj/LaunchScreen.storyboard; sourceTree = "<group>"; };
		381F500C1CD83694006E4DCB /* Info.plist */ = {isa = PBXFileReference; lastKnownFileType = text.plist.xml; path = Info.plist; sourceTree = "<group>"; };
		381F50111CD83694006E4DCB /* JKInteractivePushNotificationsTests.xctest */ = {isa = PBXFileReference; explicitFileType = wrapper.cfbundle; includeInIndex = 0; path = JKInteractivePushNotificationsTests.xctest; sourceTree = BUILT_PRODUCTS_DIR; };
		381F50151CD83694006E4DCB /* JKInteractivePushNotificationsTests.m */ = {isa = PBXFileReference; lastKnownFileType = sourcecode.c.objc; path = JKInteractivePushNotificationsTests.m; sourceTree = "<group>"; };
		381F50171CD83694006E4DCB /* Info.plist */ = {isa = PBXFileReference; lastKnownFileType = text.plist.xml; path = Info.plist; sourceTree = "<group>"; };
/* End PBXFileReference section */

/* Begin PBXFrameworksBuildPhase section */
		381F4FF51CD83694006E4DCB /* Frameworks */ = {
			isa = PBXFrameworksBuildPhase;
			buildActionMask = 2147483647;
			files = (
			);
			runOnlyForDeploymentPostprocessing = 0;
		};
		381F500E1CD83694006E4DCB /* Frameworks */ = {
			isa = PBXFrameworksBuildPhase;
			buildActionMask = 2147483647;
			files = (
			);
			runOnlyForDeploymentPostprocessing = 0;
		};
/* End PBXFrameworksBuildPhase section */

/* Begin PBXGroup section */
		381F4FEF1CD83694006E4DCB = {
			isa = PBXGroup;
			children = (
				381F4FFA1CD83694006E4DCB /* JKInteractivePushNotifications */,
				381F50141CD83694006E4DCB /* JKInteractivePushNotificationsTests */,
				381F4FF91CD83694006E4DCB /* Products */,
			);
			sourceTree = "<group>";
		};
		381F4FF91CD83694006E4DCB /* Products */ = {
			isa = PBXGroup;
			children = (
				381F4FF81CD83694006E4DCB /* JKInteractivePushNotifications.app */,
				381F50111CD83694006E4DCB /* JKInteractivePushNotificationsTests.xctest */,
			);
			name = Products;
			sourceTree = "<group>";
		};
		381F4FFA1CD83694006E4DCB /* JKInteractivePushNotifications */ = {
			isa = PBXGroup;
			children = (
				381F4FFE1CD83694006E4DCB /* AppDelegate.h */,
				381F4FFF1CD83694006E4DCB /* AppDelegate.m */,
				381F50011CD83694006E4DCB /* ViewController.h */,
				381F50021CD83694006E4DCB /* ViewController.m */,
				381F50041CD83694006E4DCB /* Main.storyboard */,
				381F50071CD83694006E4DCB /* Assets.xcassets */,
				381F50091CD83694006E4DCB /* LaunchScreen.storyboard */,
				381F500C1CD83694006E4DCB /* Info.plist */,
				381F4FFB1CD83694006E4DCB /* Supporting Files */,
			);
			path = JKInteractivePushNotifications;
			sourceTree = "<group>";
		};
		381F4FFB1CD83694006E4DCB /* Supporting Files */ = {
			isa = PBXGroup;
			children = (
				381F4FFC1CD83694006E4DCB /* main.m */,
			);
			name = "Supporting Files";
			sourceTree = "<group>";
		};
		381F50141CD83694006E4DCB /* JKInteractivePushNotificationsTests */ = {
			isa = PBXGroup;
			children = (
				381F50151CD83694006E4DCB /* JKInteractivePushNotificationsTests.m */,
				381F50171CD83694006E4DCB /* Info.plist */,
			);
			path = JKInteractivePushNotificationsTests;
			sourceTree = "<group>";
		};
/* End PBXGroup section */

/* Begin PBXNativeTarget section */
		381F4FF71CD83694006E4DCB /* JKInteractivePushNotifications */ = {
			isa = PBXNativeTarget;
			buildConfigurationList = 381F501A1CD83694006E4DCB /* Build configuration list for PBXNativeTarget "JKInteractivePushNotifications" */;
			buildPhases = (
				381F4FF41CD83694006E4DCB /* Sources */,
				381F4FF51CD83694006E4DCB /* Frameworks */,
				381F4FF61CD83694006E4DCB /* Resources */,
			);
			buildRules = (
			);
			dependencies = (
			);
			name = JKInteractivePushNotifications;
			productName = JKInteractivePushNotifications;
			productReference = 381F4FF81CD83694006E4DCB /* JKInteractivePushNotifications.app */;
			productType = "com.apple.product-type.application";
		};
		381F50101CD83694006E4DCB /* JKInteractivePushNotificationsTests */ = {
			isa = PBXNativeTarget;
			buildConfigurationList = 381F501D1CD83694006E4DCB /* Build configuration list for PBXNativeTarget "JKInteractivePushNotificationsTests" */;
			buildPhases = (
				381F500D1CD83694006E4DCB /* Sources */,
				381F500E1CD83694006E4DCB /* Frameworks */,
				381F500F1CD83694006E4DCB /* Resources */,
			);
			buildRules = (
			);
			dependencies = (
				381F50131CD83694006E4DCB /* PBXTargetDependency */,
			);
			name = JKInteractivePushNotificationsTests;
			productName = JKInteractivePushNotificationsTests;
			productReference = 381F50111CD83694006E4DCB /* JKInteractivePushNotificationsTests.xctest */;
			productType = "com.apple.product-type.bundle.unit-test";
		};
/* End PBXNativeTarget section */

/* Begin PBXProject section */
		381F4FF01CD83694006E4DCB /* Project object */ = {
			isa = PBXProject;
			attributes = {
				LastUpgradeCheck = 0730;
				ORGANIZATIONNAME = "Jayesh Kawli Backup";
				TargetAttributes = {
					381F4FF71CD83694006E4DCB = {
						CreatedOnToolsVersion = 7.3;
					};
					381F50101CD83694006E4DCB = {
						CreatedOnToolsVersion = 7.3;
						TestTargetID = 381F4FF71CD83694006E4DCB;
					};
				};
			};
			buildConfigurationList = 381F4FF31CD83694006E4DCB /* Build configuration list for PBXProject "JKInteractivePushNotifications" */;
			compatibilityVersion = "Xcode 3.2";
			developmentRegion = English;
			hasScannedForEncodings = 0;
			knownRegions = (
				en,
				Base,
			);
			mainGroup = 381F4FEF1CD83694006E4DCB;
			productRefGroup = 381F4FF91CD83694006E4DCB /* Products */;
			projectDirPath = "";
			projectRoot = "";
			targets = (
				381F4FF71CD83694006E4DCB /* JKInteractivePushNotifications */,
				381F50101CD83694006E4DCB /* JKInteractivePushNotificationsTests */,
			);
		};
/* End PBXProject section */

/* Begin PBXResourcesBuildPhase section */
		381F4FF61CD83694006E4DCB /* Resources */ = {
			isa = PBXResourcesBuildPhase;
			buildActionMask = 2147483647;
			files = (
				381F500B1CD83694006E4DCB /* LaunchScreen.storyboard in Resources */,
				381F50081CD83694006E4DCB /* Assets.xcassets in Resources */,
				381F50061CD83694006E4DCB /* Main.storyboard in Resources */,
			);
			runOnlyForDeploymentPostprocessing = 0;
		};
		381F500F1CD83694006E4DCB /* Resources */ = {
			isa = PBXResourcesBuildPhase;
			buildActionMask = 2147483647;
			files = (
			);
			runOnlyForDeploymentPostprocessing = 0;
		};
/* End PBXResourcesBuildPhase section */

/* Begin PBXSourcesBuildPhase section */
		381F4FF41CD83694006E4DCB /* Sources */ = {
			isa = PBXSourcesBuildPhase;
			buildActionMask = 2147483647;
			files = (
				381F50031CD83694006E4DCB /* ViewController.m in Sources */,
				381F50001CD83694006E4DCB /* AppDelegate.m in Sources */,
				381F4FFD1CD83694006E4DCB /* main.m in Sources */,
			);
			runOnlyForDeploymentPostprocessing = 0;
		};
		381F500D1CD83694006E4DCB /* Sources */ = {
			isa = PBXSourcesBuildPhase;
			buildActionMask = 2147483647;
			files = (
				381F50161CD83694006E4DCB /* JKInteractivePushNotificationsTests.m in Sources */,
			);
			runOnlyForDeploymentPostprocessing = 0;
		};
/* End PBXSourcesBuildPhase section */

/* Begin PBXTargetDependency section */
		381F50131CD83694006E4DCB /* PBXTargetDependency */ = {
			isa = PBXTargetDependency;
			target = 381F4FF71CD83694006E4DCB /* JKInteractivePushNotifications */;
			targetProxy = 381F50121CD83694006E4DCB /* PBXContainerItemProxy */;
		};
/* End PBXTargetDependency section */

/* Begin PBXVariantGroup section */
		381F50041CD83694006E4DCB /* Main.storyboard */ = {
			isa = PBXVariantGroup;
			children = (
				381F50051CD83694006E4DCB /* Base */,
			);
			name = Main.storyboard;
			sourceTree = "<group>";
		};
		381F50091CD83694006E4DCB /* LaunchScreen.storyboard */ = {
			isa = PBXVariantGroup;
			children = (
				381F500A1CD83694006E4DCB /* Base */,
			);
			name = LaunchScreen.storyboard;
			sourceTree = "<group>";
		};
/* End PBXVariantGroup section */

/* Begin XCBuildConfiguration section */
		381F50181CD83694006E4DCB /* Debug */ = {
			isa = XCBuildConfiguration;
			buildSettings = {
				ALWAYS_SEARCH_USER_PATHS = NO;
				CLANG_ANALYZER_NONNULL = YES;
				CLANG_CXX_LANGUAGE_STANDARD = "gnu++0x";
				CLANG_CXX_LIBRARY = "libc++";
				CLANG_ENABLE_MODULES = YES;
				CLANG_ENABLE_OBJC_ARC = YES;
				CLANG_WARN_BOOL_CONVERSION = YES;
				CLANG_WARN_CONSTANT_CONVERSION = YES;
				CLANG_WARN_DIRECT_OBJC_ISA_USAGE = YES_ERROR;
				CLANG_WARN_EMPTY_BODY = YES;
				CLANG_WARN_ENUM_CONVERSION = YES;
				CLANG_WARN_INT_CONVERSION = YES;
				CLANG_WARN_OBJC_ROOT_CLASS = YES_ERROR;
				CLANG_WARN_UNREACHABLE_CODE = YES;
				CLANG_WARN__DUPLICATE_METHOD_MATCH = YES;
				"CODE_SIGN_IDENTITY[sdk=iphoneos*]" = "iPhone Developer";
				COPY_PHASE_STRIP = NO;
				DEBUG_INFORMATION_FORMAT = dwarf;
				ENABLE_STRICT_OBJC_MSGSEND = YES;
				ENABLE_TESTABILITY = YES;
				GCC_C_LANGUAGE_STANDARD = gnu99;
				GCC_DYNAMIC_NO_PIC = NO;
				GCC_NO_COMMON_BLOCKS = YES;
				GCC_OPTIMIZATION_LEVEL = 0;
				GCC_PREPROCESSOR_DEFINITIONS = (
					"DEBUG=1",
					"$(inherited)",
				);
				GCC_WARN_64_TO_32_BIT_CONVERSION = YES;
				GCC_WARN_ABOUT_RETURN_TYPE = YES_ERROR;
				GCC_WARN_UNDECLARED_SELECTOR = YES;
				GCC_WARN_UNINITIALIZED_AUTOS = YES_AGGRESSIVE;
				GCC_WARN_UNUSED_FUNCTION = YES;
				GCC_WARN_UNUSED_VARIABLE = YES;
				IPHONEOS_DEPLOYMENT_TARGET = 9.3;
				MTL_ENABLE_DEBUG_INFO = YES;
				ONLY_ACTIVE_ARCH = YES;
				SDKROOT = iphoneos;
				TARGETED_DEVICE_FAMILY = "1,2";
			};
			name = Debug;
		};
		381F50191CD83694006E4DCB /* Release */ = {
			isa = XCBuildConfiguration;
			buildSettings = {
				ALWAYS_SEARCH_USER_PATHS = NO;
				CLANG_ANALYZER_NONNULL = YES;
				CLANG_CXX_LANGUAGE_STANDARD = "gnu++0x";
				CLANG_CXX_LIBRARY = "libc++";
				CLANG_ENABLE_MODULES = YES;
				CLANG_ENABLE_OBJC_ARC = YES;
				CLANG_WARN_BOOL_CONVERSION = YES;
				CLANG_WARN_CONSTANT_CONVERSION = YES;
				CLANG_WARN_DIRECT_OBJC_ISA_USAGE = YES_ERROR;
				CLANG_WARN_EMPTY_BODY = YES;
				CLANG_WARN_ENUM_CONVERSION = YES;
				CLANG_WARN_INT_CONVERSION = YES;
				CLANG_WARN_OBJC_ROOT_CLASS = YES_ERROR;
				CLANG_WARN_UNREACHABLE_CODE = YES;
				CLANG_WARN__DUPLICATE_METHOD_MATCH = YES;
				"CODE_SIGN_IDENTITY[sdk=iphoneos*]" = "iPhone Developer";
				COPY_PHASE_STRIP = NO;
				DEBUG_INFORMATION_FORMAT = "dwarf-with-dsym";
				ENABLE_NS_ASSERTIONS = NO;
				ENABLE_STRICT_OBJC_MSGSEND = YES;
				GCC_C_LANGUAGE_STANDARD = gnu99;
				GCC_NO_COMMON_BLOCKS = YES;
				GCC_WARN_64_TO_32_BIT_CONVERSION = YES;
				GCC_WARN_ABOUT_RETURN_TYPE = YES_ERROR;
				GCC_WARN_UNDECLARED_SELECTOR = YES;
				GCC_WARN_UNINITIALIZED_AUTOS = YES_AGGRESSIVE;
				GCC_WARN_UNUSED_FUNCTION = YES;
				GCC_WARN_UNUSED_VARIABLE = YES;
				IPHONEOS_DEPLOYMENT_TARGET = 9.3;
				MTL_ENABLE_DEBUG_INFO = NO;
				SDKROOT = iphoneos;
				TARGETED_DEVICE_FAMILY = "1,2";
				VALIDATE_PRODUCT = YES;
			};
			name = Release;
		};
		381F501B1CD83694006E4DCB /* Debug */ = {
			isa = XCBuildConfiguration;
			buildSettings = {
				ASSETCATALOG_COMPILER_APPICON_NAME = AppIcon;
				INFOPLIST_FILE = JKInteractivePushNotifications/Info.plist;
				IPHONEOS_DEPLOYMENT_TARGET = 8.0;
				LD_RUNPATH_SEARCH_PATHS = "$(inherited) @executable_path/Frameworks";
				PRODUCT_BUNDLE_IDENTIFIER = com.jayeshKawli.JKInteractivePushNotifications;
				PRODUCT_NAME = "$(TARGET_NAME)";
			};
			name = Debug;
		};
		381F501C1CD83694006E4DCB /* Release */ = {
			isa = XCBuildConfiguration;
			buildSettings = {
				ASSETCATALOG_COMPILER_APPICON_NAME = AppIcon;
				INFOPLIST_FILE = JKInteractivePushNotifications/Info.plist;
				IPHONEOS_DEPLOYMENT_TARGET = 8.0;
				LD_RUNPATH_SEARCH_PATHS = "$(inherited) @executable_path/Frameworks";
				PRODUCT_BUNDLE_IDENTIFIER = com.jayeshKawli.JKInteractivePushNotifications;
				PRODUCT_NAME = "$(TARGET_NAME)";
			};
			name = Release;
		};
		381F501E1CD83694006E4DCB /* Debug */ = {
			isa = XCBuildConfiguration;
			buildSettings = {
				BUNDLE_LOADER = "$(TEST_HOST)";
				INFOPLIST_FILE = JKInteractivePushNotificationsTests/Info.plist;
				LD_RUNPATH_SEARCH_PATHS = "$(inherited) @executable_path/Frameworks @loader_path/Frameworks";
				PRODUCT_BUNDLE_IDENTIFIER = com.jayeshKawli.JKInteractivePushNotificationsTests;
				PRODUCT_NAME = "$(TARGET_NAME)";
				TEST_HOST = "$(BUILT_PRODUCTS_DIR)/JKInteractivePushNotifications.app/JKInteractivePushNotifications";
			};
			name = Debug;
		};
		381F501F1CD83694006E4DCB /* Release */ = {
			isa = XCBuildConfiguration;
			buildSettings = {
				BUNDLE_LOADER = "$(TEST_HOST)";
				INFOPLIST_FILE = JKInteractivePushNotificationsTests/Info.plist;
				LD_RUNPATH_SEARCH_PATHS = "$(inherited) @executable_path/Frameworks @loader_path/Frameworks";
				PRODUCT_BUNDLE_IDENTIFIER = com.jayeshKawli.JKInteractivePushNotificationsTests;
				PRODUCT_NAME = "$(TARGET_NAME)";
				TEST_HOST = "$(BUILT_PRODUCTS_DIR)/JKInteractivePushNotifications.app/JKInteractivePushNotifications";
			};
			name = Release;
		};
/* End XCBuildConfiguration section */

/* Begin XCConfigurationList section */
		381F4FF31CD83694006E4DCB /* Build configuration list for PBXProject "JKInteractivePushNotifications" */ = {
			isa = XCConfigurationList;
			buildConfigurations = (
				381F50181CD83694006E4DCB /* Debug */,
				381F50191CD83694006E4DCB /* Release */,
			);
			defaultConfigurationIsVisible = 0;
			defaultConfigurationName = Release;
		};
		381F501A1CD83694006E4DCB /* Build configuration list for PBXNativeTarget "JKInteractivePushNotifications" */ = {
			isa = XCConfigurationList;
			buildConfigurations = (
				381F501B1CD83694006E4DCB /* Debug */,
				381F501C1CD83694006E4DCB /* Release */,
			);
			defaultConfigurationIsVisible = 0;
		};
		381F501D1CD83694006E4DCB /* Build configuration list for PBXNativeTarget "JKInteractivePushNotificationsTests" */ = {
			isa = XCConfigurationList;
			buildConfigurations = (
				381F501E1CD83694006E4DCB /* Debug */,
				381F501F1CD83694006E4DCB /* Release */,
			);
			defaultConfigurationIsVisible = 0;
		};
/* End XCConfigurationList section */
	};
	rootObject = 381F4FF01CD83694006E4DCB /* Project object */;
}
